
Microsoft Visual Studio Solution File, Format Version 12.00
# Visual Studio Version 17
VisualStudioVersion = 17.6.33815.320
MinimumVisualStudioVersion = 10.0.40219.1
Project("{9A19103F-16F7-4668-BE54-9A1E7A4F7556}") = "WeatherForecast", "WeatherForecast.csproj", "{54653352-D424-4293-8376-3EEA493916B1}"
EndProject
Global
	GlobalSection(SolutionConfigurationPlatforms) = preSolution
		Debug|Any CPU = Debug|Any CPU
		Release|Any CPU = Release|Any CPU
	EndGlobalSection
	GlobalSection(ProjectConfigurationPlatforms) = postSolution
		{54653352-D424-4293-8376-3EEA493916B1}.Debug|Any CPU.ActiveCfg = Debug|Any CPU
		{54653352-D424-4293-8376-3EEA493916B1}.Debug|Any CPU.Build.0 = Debug|Any CPU
		{54653352-D424-4293-8376-3EEA493916B1}.Release|Any CPU.ActiveCfg = Release|Any CPU
		{54653352-D424-4293-8376-3EEA493916B1}.Release|Any CPU.Build.0 = Release|Any CPU
	EndGlobalSection
	GlobalSection(SolutionProperties) = preSolution
		HideSolutionNode = FALSE
	EndGlobalSection
	GlobalSection(ExtensibilityGlobals) = postSolution
		SolutionGuid = {FEB8117B-D1BE-4B1C-AB8E-5F1EE2C5DB76}
	EndGlobalSection
EndGlobal
